
Microsoft Visual Studio Solution File, Format Version 12.00
# Visual Studio Version 16
VisualStudioVersion = 16.0.29613.14
MinimumVisualStudioVersion = 10.0.40219.1
Project("{FAE04EC0-301F-11D3-BF4B-00C04F79EFBC}") = "Ctrip.Driver", "Ctrip.Driver\Ctrip.Driver.csproj", "{0E98260D-81FD-4DCC-A33B-6A62DD394428}"
EndProject
Global
	GlobalSection(SolutionConfigurationPlatforms) = preSolution
		Debug|Any CPU = Debug|Any CPU
		Release|Any CPU = Release|Any CPU
	EndGlobalSection
	GlobalSection(ProjectConfigurationPlatforms) = postSolution
		{0E98260D-81FD-4DCC-A33B-6A62DD394428}.Debug|Any CPU.ActiveCfg = Debug|Any CPU
		{0E98260D-81FD-4DCC-A33B-6A62DD394428}.Debug|Any CPU.Build.0 = Debug|Any CPU
		{0E98260D-81FD-4DCC-A33B-6A62DD394428}.Debug|Any CPU.Deploy.0 = Debug|Any CPU
		{0E98260D-81FD-4DCC-A33B-6A62DD394428}.Release|Any CPU.ActiveCfg = Release|Any CPU
		{0E98260D-81FD-4DCC-A33B-6A62DD394428}.Release|Any CPU.Build.0 = Release|Any CPU
		{0E98260D-81FD-4DCC-A33B-6A62DD394428}.Release|Any CPU.Deploy.0 = Release|Any CPU
	EndGlobalSection
	GlobalSection(SolutionProperties) = preSolution
		HideSolutionNode = FALSE
	EndGlobalSection
	GlobalSection(ExtensibilityGlobals) = postSolution
		SolutionGuid = {D1B478F6-8F0E-46CD-A052-5EC911CE8F44}
	EndGlobalSection
EndGlobal
